// !$*UTF8*$!
{
	archiveVersion = 1;
	classes = {
	};
	objectVersion = 55;
	objects = {

/* Begin PBXBuildFile section */
		44058A512945C5BB000E27ED /* CalendarHelper.swift in Sources */ = {isa = PBXBuildFile; fileRef = 44058A502945C5BB000E27ED /* CalendarHelper.swift */; };
		44058A5A2945F7D9000E27ED /* ItemCell.swift in Sources */ = {isa = PBXBuildFile; fileRef = 44058A582945F7D9000E27ED /* ItemCell.swift */; };
		44058A5B2945F7D9000E27ED /* ItemCell.xib in Resources */ = {isa = PBXBuildFile; fileRef = 44058A592945F7D9000E27ED /* ItemCell.xib */; };
		44058A9D29462885000E27ED /* TestCell.swift in Sources */ = {isa = PBXBuildFile; fileRef = 44058A9B29462885000E27ED /* TestCell.swift */; };
		44058A9E29462885000E27ED /* TestCell.xib in Resources */ = {isa = PBXBuildFile; fileRef = 44058A9C29462885000E27ED /* TestCell.xib */; };
		44058AA229468233000E27ED /* ProjectsViewController.swift in Sources */ = {isa = PBXBuildFile; fileRef = 44058AA129468233000E27ED /* ProjectsViewController.swift */; };
		444545472933A10300472783 /* AppDelegate.swift in Sources */ = {isa = PBXBuildFile; fileRef = 444545462933A10300472783 /* AppDelegate.swift */; };
		444545492933A10300472783 /* SceneDelegate.swift in Sources */ = {isa = PBXBuildFile; fileRef = 444545482933A10300472783 /* SceneDelegate.swift */; };
		4445454B2933A10300472783 /* ViewController.swift in Sources */ = {isa = PBXBuildFile; fileRef = 4445454A2933A10300472783 /* ViewController.swift */; };
		4445454E2933A10300472783 /* Main.storyboard in Resources */ = {isa = PBXBuildFile; fileRef = 4445454C2933A10300472783 /* Main.storyboard */; };
		444545512933A10300472783 /* ElephantV2.xcdatamodeld in Sources */ = {isa = PBXBuildFile; fileRef = 4445454F2933A10300472783 /* ElephantV2.xcdatamodeld */; };
		444545532933A10400472783 /* Assets.xcassets in Resources */ = {isa = PBXBuildFile; fileRef = 444545522933A10400472783 /* Assets.xcassets */; };
		444545562933A10400472783 /* LaunchScreen.storyboard in Resources */ = {isa = PBXBuildFile; fileRef = 444545542933A10400472783 /* LaunchScreen.storyboard */; };
		444545612933A10400472783 /* ElephantV2Tests.swift in Sources */ = {isa = PBXBuildFile; fileRef = 444545602933A10400472783 /* ElephantV2Tests.swift */; };
		4445456B2933A10400472783 /* ElephantV2UITests.swift in Sources */ = {isa = PBXBuildFile; fileRef = 4445456A2933A10400472783 /* ElephantV2UITests.swift */; };
		4445456D2933A10400472783 /* ElephantV2UITestsLaunchTests.swift in Sources */ = {isa = PBXBuildFile; fileRef = 4445456C2933A10400472783 /* ElephantV2UITestsLaunchTests.swift */; };
		4445457A2933A13F00472783 /* Item.swift in Sources */ = {isa = PBXBuildFile; fileRef = 444545792933A13F00472783 /* Item.swift */; };
		4445457F2933A1B800472783 /* Model.swift in Sources */ = {isa = PBXBuildFile; fileRef = 4445457E2933A1B800472783 /* Model.swift */; };
		444545812933A24600472783 /* Project.swift in Sources */ = {isa = PBXBuildFile; fileRef = 444545802933A24600472783 /* Project.swift */; };
/* End PBXBuildFile section */

/* Begin PBXContainerItemProxy section */
		4445455D2933A10400472783 /* PBXContainerItemProxy */ = {
			isa = PBXContainerItemProxy;
			containerPortal = 4445453B2933A10300472783 /* Project object */;
			proxyType = 1;
			remoteGlobalIDString = 444545422933A10300472783;
			remoteInfo = ElephantV2;
		};
		444545672933A10400472783 /* PBXContainerItemProxy */ = {
			isa = PBXContainerItemProxy;
			containerPortal = 4445453B2933A10300472783 /* Project object */;
			proxyType = 1;
			remoteGlobalIDString = 444545422933A10300472783;
			remoteInfo = ElephantV2;
		};
/* End PBXContainerItemProxy section */

/* Begin PBXFileReference section */
		44058A502945C5BB000E27ED /* CalendarHelper.swift */ = {isa = PBXFileReference; lastKnownFileType = sourcecode.swift; path = CalendarHelper.swift; sourceTree = "<group>"; };
		44058A582945F7D9000E27ED /* ItemCell.swift */ = {isa = PBXFileReference; lastKnownFileType = sourcecode.swift; path = ItemCell.swift; sourceTree = "<group>"; };
		44058A592945F7D9000E27ED /* ItemCell.xib */ = {isa = PBXFileReference; lastKnownFileType = file.xib; path = ItemCell.xib; sourceTree = "<group>"; };
		44058A9B29462885000E27ED /* TestCell.swift */ = {isa = PBXFileReference; lastKnownFileType = sourcecode.swift; path = TestCell.swift; sourceTree = "<group>"; };
		44058A9C29462885000E27ED /* TestCell.xib */ = {isa = PBXFileReference; lastKnownFileType = file.xib; path = TestCell.xib; sourceTree = "<group>"; };
		44058AA129468233000E27ED /* ProjectsViewController.swift */ = {isa = PBXFileReference; lastKnownFileType = sourcecode.swift; path = ProjectsViewController.swift; sourceTree = "<group>"; };
		444545432933A10300472783 /* ElephantV2.app */ = {isa = PBXFileReference; explicitFileType = wrapper.application; includeInIndex = 0; path = ElephantV2.app; sourceTree = BUILT_PRODUCTS_DIR; };
		444545462933A10300472783 /* AppDelegate.swift */ = {isa = PBXFileReference; lastKnownFileType = sourcecode.swift; path = AppDelegate.swift; sourceTree = "<group>"; };
		444545482933A10300472783 /* SceneDelegate.swift */ = {isa = PBXFileReference; lastKnownFileType = sourcecode.swift; path = SceneDelegate.swift; sourceTree = "<group>"; };
		4445454A2933A10300472783 /* ViewController.swift */ = {isa = PBXFileReference; lastKnownFileType = sourcecode.swift; path = ViewController.swift; sourceTree = "<group>"; };
		4445454D2933A10300472783 /* Base */ = {isa = PBXFileReference; lastKnownFileType = file.storyboard; name = Base; path = Base.lproj/Main.storyboard; sourceTree = "<group>"; };
		444545502933A10300472783 /* ElephantV2.xcdatamodel */ = {isa = PBXFileReference; lastKnownFileType = wrapper.xcdatamodel; path = ElephantV2.xcdatamodel; sourceTree = "<group>"; };
		444545522933A10400472783 /* Assets.xcassets */ = {isa = PBXFileReference; lastKnownFileType = folder.assetcatalog; path = Assets.xcassets; sourceTree = "<group>"; };
		444545552933A10400472783 /* Base */ = {isa = PBXFileReference; lastKnownFileType = file.storyboard; name = Base; path = Base.lproj/LaunchScreen.storyboard; sourceTree = "<group>"; };
		444545572933A10400472783 /* Info.plist */ = {isa = PBXFileReference; lastKnownFileType = text.plist.xml; path = Info.plist; sourceTree = "<group>"; };
		4445455C2933A10400472783 /* ElephantV2Tests.xctest */ = {isa = PBXFileReference; explicitFileType = wrapper.cfbundle; includeInIndex = 0; path = ElephantV2Tests.xctest; sourceTree = BUILT_PRODUCTS_DIR; };
		444545602933A10400472783 /* ElephantV2Tests.swift */ = {isa = PBXFileReference; lastKnownFileType = sourcecode.swift; path = ElephantV2Tests.swift; sourceTree = "<group>"; };
		444545662933A10400472783 /* ElephantV2UITests.xctest */ = {isa = PBXFileReference; explicitFileType = wrapper.cfbundle; includeInIndex = 0; path = ElephantV2UITests.xctest; sourceTree = BUILT_PRODUCTS_DIR; };
		4445456A2933A10400472783 /* ElephantV2UITests.swift */ = {isa = PBXFileReference; lastKnownFileType = sourcecode.swift; path = ElephantV2UITests.swift; sourceTree = "<group>"; };
		4445456C2933A10400472783 /* ElephantV2UITestsLaunchTests.swift */ = {isa = PBXFileReference; lastKnownFileType = sourcecode.swift; path = ElephantV2UITestsLaunchTests.swift; sourceTree = "<group>"; };
		444545792933A13F00472783 /* Item.swift */ = {isa = PBXFileReference; lastKnownFileType = sourcecode.swift; path = Item.swift; sourceTree = "<group>"; };
		4445457E2933A1B800472783 /* Model.swift */ = {isa = PBXFileReference; lastKnownFileType = sourcecode.swift; path = Model.swift; sourceTree = "<group>"; };
		444545802933A24600472783 /* Project.swift */ = {isa = PBXFileReference; lastKnownFileType = sourcecode.swift; path = Project.swift; sourceTree = "<group>"; };
/* End PBXFileReference section */

/* Begin PBXFrameworksBuildPhase section */
		444545402933A10300472783 /* Frameworks */ = {
			isa = PBXFrameworksBuildPhase;
			buildActionMask = 2147483647;
			files = (
			);
			runOnlyForDeploymentPostprocessing = 0;
		};
		444545592933A10400472783 /* Frameworks */ = {
			isa = PBXFrameworksBuildPhase;
			buildActionMask = 2147483647;
			files = (
			);
			runOnlyForDeploymentPostprocessing = 0;
		};
		444545632933A10400472783 /* Frameworks */ = {
			isa = PBXFrameworksBuildPhase;
			buildActionMask = 2147483647;
			files = (
			);
			runOnlyForDeploymentPostprocessing = 0;
		};
/* End PBXFrameworksBuildPhase section */

/* Begin PBXGroup section */
		4445453A2933A10300472783 = {
			isa = PBXGroup;
			children = (
				444545452933A10300472783 /* ElephantV2 */,
				4445455F2933A10400472783 /* ElephantV2Tests */,
				444545692933A10400472783 /* ElephantV2UITests */,
				444545442933A10300472783 /* Products */,
			);
			sourceTree = "<group>";
		};
		444545442933A10300472783 /* Products */ = {
			isa = PBXGroup;
			children = (
				444545432933A10300472783 /* ElephantV2.app */,
				4445455C2933A10400472783 /* ElephantV2Tests.xctest */,
				444545662933A10400472783 /* ElephantV2UITests.xctest */,
			);
			name = Products;
			sourceTree = "<group>";
		};
		444545452933A10300472783 /* ElephantV2 */ = {
			isa = PBXGroup;
			children = (
				444545462933A10300472783 /* AppDelegate.swift */,
				444545482933A10300472783 /* SceneDelegate.swift */,
				4445457D2933A17C00472783 /* Controller */,
				4445457B2933A14400472783 /* Model */,
				4445457C2933A16400472783 /* View */,
				444545522933A10400472783 /* Assets.xcassets */,
				444545542933A10400472783 /* LaunchScreen.storyboard */,
				444545572933A10400472783 /* Info.plist */,
				4445454F2933A10300472783 /* ElephantV2.xcdatamodeld */,
			);
			path = ElephantV2;
			sourceTree = "<group>";
		};
		4445455F2933A10400472783 /* ElephantV2Tests */ = {
			isa = PBXGroup;
			children = (
				444545602933A10400472783 /* ElephantV2Tests.swift */,
			);
			path = ElephantV2Tests;
			sourceTree = "<group>";
		};
		444545692933A10400472783 /* ElephantV2UITests */ = {
			isa = PBXGroup;
			children = (
				4445456A2933A10400472783 /* ElephantV2UITests.swift */,
				4445456C2933A10400472783 /* ElephantV2UITestsLaunchTests.swift */,
			);
			path = ElephantV2UITests;
			sourceTree = "<group>";
		};
		4445457B2933A14400472783 /* Model */ = {
			isa = PBXGroup;
			children = (
				444545792933A13F00472783 /* Item.swift */,
				444545802933A24600472783 /* Project.swift */,
				44058A502945C5BB000E27ED /* CalendarHelper.swift */,
				4445457E2933A1B800472783 /* Model.swift */,
			);
			path = Model;
			sourceTree = "<group>";
		};
		4445457C2933A16400472783 /* View */ = {
			isa = PBXGroup;
			children = (
				4445454C2933A10300472783 /* Main.storyboard */,
				44058A582945F7D9000E27ED /* ItemCell.swift */,
				44058A9B29462885000E27ED /* TestCell.swift */,
				44058A9C29462885000E27ED /* TestCell.xib */,
				44058A592945F7D9000E27ED /* ItemCell.xib */,
			);
			path = View;
			sourceTree = "<group>";
		};
		4445457D2933A17C00472783 /* Controller */ = {
			isa = PBXGroup;
			children = (
				44058AA129468233000E27ED /* ProjectsViewController.swift */,
				4445454A2933A10300472783 /* ViewController.swift */,
			);
			path = Controller;
			sourceTree = "<group>";
		};
/* End PBXGroup section */

/* Begin PBXNativeTarget section */
		444545422933A10300472783 /* ElephantV2 */ = {
			isa = PBXNativeTarget;
			buildConfigurationList = 444545702933A10400472783 /* Build configuration list for PBXNativeTarget "ElephantV2" */;
			buildPhases = (
				4445453F2933A10300472783 /* Sources */,
				444545402933A10300472783 /* Frameworks */,
				444545412933A10300472783 /* Resources */,
			);
			buildRules = (
			);
			dependencies = (
			);
			name = ElephantV2;
			productName = ElephantV2;
			productReference = 444545432933A10300472783 /* ElephantV2.app */;
			productType = "com.apple.product-type.application";
		};
		4445455B2933A10400472783 /* ElephantV2Tests */ = {
			isa = PBXNativeTarget;
			buildConfigurationList = 444545732933A10400472783 /* Build configuration list for PBXNativeTarget "ElephantV2Tests" */;
			buildPhases = (
				444545582933A10400472783 /* Sources */,
				444545592933A10400472783 /* Frameworks */,
				4445455A2933A10400472783 /* Resources */,
			);
			buildRules = (
			);
			dependencies = (
				4445455E2933A10400472783 /* PBXTargetDependency */,
			);
			name = ElephantV2Tests;
			productName = ElephantV2Tests;
			productReference = 4445455C2933A10400472783 /* ElephantV2Tests.xctest */;
			productType = "com.apple.product-type.bundle.unit-test";
		};
		444545652933A10400472783 /* ElephantV2UITests */ = {
			isa = PBXNativeTarget;
			buildConfigurationList = 444545762933A10400472783 /* Build configuration list for PBXNativeTarget "ElephantV2UITests" */;
			buildPhases = (
				444545622933A10400472783 /* Sources */,
				444545632933A10400472783 /* Frameworks */,
				444545642933A10400472783 /* Resources */,
			);
			buildRules = (
			);
			dependencies = (
				444545682933A10400472783 /* PBXTargetDependency */,
			);
			name = ElephantV2UITests;
			productName = ElephantV2UITests;
			productReference = 444545662933A10400472783 /* ElephantV2UITests.xctest */;
			productType = "com.apple.product-type.bundle.ui-testing";
		};
/* End PBXNativeTarget section */

/* Begin PBXProject section */
		4445453B2933A10300472783 /* Project object */ = {
			isa = PBXProject;
			attributes = {
				BuildIndependentTargetsInParallel = 1;
				LastSwiftUpdateCheck = 1340;
				LastUpgradeCheck = 1340;
				TargetAttributes = {
					444545422933A10300472783 = {
						CreatedOnToolsVersion = 13.4.1;
					};
					4445455B2933A10400472783 = {
						CreatedOnToolsVersion = 13.4.1;
						TestTargetID = 444545422933A10300472783;
					};
					444545652933A10400472783 = {
						CreatedOnToolsVersion = 13.4.1;
						TestTargetID = 444545422933A10300472783;
					};
				};
			};
			buildConfigurationList = 4445453E2933A10300472783 /* Build configuration list for PBXProject "ElephantV2" */;
			compatibilityVersion = "Xcode 13.0";
			developmentRegion = en;
			hasScannedForEncodings = 0;
			knownRegions = (
				en,
				Base,
			);
			mainGroup = 4445453A2933A10300472783;
			productRefGroup = 444545442933A10300472783 /* Products */;
			projectDirPath = "";
			projectRoot = "";
			targets = (
				444545422933A10300472783 /* ElephantV2 */,
				4445455B2933A10400472783 /* ElephantV2Tests */,
				444545652933A10400472783 /* ElephantV2UITests */,
			);
		};
/* End PBXProject section */

/* Begin PBXResourcesBuildPhase section */
		444545412933A10300472783 /* Resources */ = {
			isa = PBXResourcesBuildPhase;
			buildActionMask = 2147483647;
			files = (
				44058A5B2945F7D9000E27ED /* ItemCell.xib in Resources */,
				444545562933A10400472783 /* LaunchScreen.storyboard in Resources */,
				444545532933A10400472783 /* Assets.xcassets in Resources */,
				44058A9E29462885000E27ED /* TestCell.xib in Resources */,
				4445454E2933A10300472783 /* Main.storyboard in Resources */,
			);
			runOnlyForDeploymentPostprocessing = 0;
		};
		4445455A2933A10400472783 /* Resources */ = {
			isa = PBXResourcesBuildPhase;
			buildActionMask = 2147483647;
			files = (
			);
			runOnlyForDeploymentPostprocessing = 0;
		};
		444545642933A10400472783 /* Resources */ = {
			isa = PBXResourcesBuildPhase;
			buildActionMask = 2147483647;
			files = (
			);
			runOnlyForDeploymentPostprocessing = 0;
		};
/* End PBXResourcesBuildPhase section */

/* Begin PBXSourcesBuildPhase section */
		4445453F2933A10300472783 /* Sources */ = {
			isa = PBXSourcesBuildPhase;
			buildActionMask = 2147483647;
			files = (
				4445457A2933A13F00472783 /* Item.swift in Sources */,
				44058A512945C5BB000E27ED /* CalendarHelper.swift in Sources */,
				44058AA229468233000E27ED /* ProjectsViewController.swift in Sources */,
				44058A5A2945F7D9000E27ED /* ItemCell.swift in Sources */,
				444545512933A10300472783 /* ElephantV2.xcdatamodeld in Sources */,
				4445454B2933A10300472783 /* ViewController.swift in Sources */,
				4445457F2933A1B800472783 /* Model.swift in Sources */,
				444545472933A10300472783 /* AppDelegate.swift in Sources */,
				44058A9D29462885000E27ED /* TestCell.swift in Sources */,
				444545812933A24600472783 /* Project.swift in Sources */,
				444545492933A10300472783 /* SceneDelegate.swift in Sources */,
			);
			runOnlyForDeploymentPostprocessing = 0;
		};
		444545582933A10400472783 /* Sources */ = {
			isa = PBXSourcesBuildPhase;
			buildActionMask = 2147483647;
			files = (
				444545612933A10400472783 /* ElephantV2Tests.swift in Sources */,
			);
			runOnlyForDeploymentPostprocessing = 0;
		};
		444545622933A10400472783 /* Sources */ = {
			isa = PBXSourcesBuildPhase;
			buildActionMask = 2147483647;
			files = (
				4445456B2933A10400472783 /* ElephantV2UITests.swift in Sources */,
				4445456D2933A10400472783 /* ElephantV2UITestsLaunchTests.swift in Sources */,
			);
			runOnlyForDeploymentPostprocessing = 0;
		};
/* End PBXSourcesBuildPhase section */

/* Begin PBXTargetDependency section */
		4445455E2933A10400472783 /* PBXTargetDependency */ = {
			isa = PBXTargetDependency;
			target = 444545422933A10300472783 /* ElephantV2 */;
			targetProxy = 4445455D2933A10400472783 /* PBXContainerItemProxy */;
		};
		444545682933A10400472783 /* PBXTargetDependency */ = {
			isa = PBXTargetDependency;
			target = 444545422933A10300472783 /* ElephantV2 */;
			targetProxy = 444545672933A10400472783 /* PBXContainerItemProxy */;
		};
/* End PBXTargetDependency section */

/* Begin PBXVariantGroup section */
		4445454C2933A10300472783 /* Main.storyboard */ = {
			isa = PBXVariantGroup;
			children = (
				4445454D2933A10300472783 /* Base */,
			);
			name = Main.storyboard;
			sourceTree = "<group>";
		};
		444545542933A10400472783 /* LaunchScreen.storyboard */ = {
			isa = PBXVariantGroup;
			children = (
				444545552933A10400472783 /* Base */,
			);
			name = LaunchScreen.storyboard;
			sourceTree = "<group>";
		};
/* End PBXVariantGroup section */

/* Begin XCBuildConfiguration section */
		4445456E2933A10400472783 /* Debug */ = {
			isa = XCBuildConfiguration;
			buildSettings = {
				ALWAYS_SEARCH_USER_PATHS = NO;
				CLANG_ANALYZER_NONNULL = YES;
				CLANG_ANALYZER_NUMBER_OBJECT_CONVERSION = YES_AGGRESSIVE;
				CLANG_CXX_LANGUAGE_STANDARD = "gnu++17";
				CLANG_ENABLE_MODULES = YES;
				CLANG_ENABLE_OBJC_ARC = YES;
				CLANG_ENABLE_OBJC_WEAK = YES;
				CLANG_WARN_BLOCK_CAPTURE_AUTORELEASING = YES;
				CLANG_WARN_BOOL_CONVERSION = YES;
				CLANG_WARN_COMMA = YES;
				CLANG_WARN_CONSTANT_CONVERSION = YES;
				CLANG_WARN_DEPRECATED_OBJC_IMPLEMENTATIONS = YES;
				CLANG_WARN_DIRECT_OBJC_ISA_USAGE = YES_ERROR;
				CLANG_WARN_DOCUMENTATION_COMMENTS = YES;
				CLANG_WARN_EMPTY_BODY = YES;
				CLANG_WARN_ENUM_CONVERSION = YES;
				CLANG_WARN_INFINITE_RECURSION = YES;
				CLANG_WARN_INT_CONVERSION = YES;
				CLANG_WARN_NON_LITERAL_NULL_CONVERSION = YES;
				CLANG_WARN_OBJC_IMPLICIT_RETAIN_SELF = YES;
				CLANG_WARN_OBJC_LITERAL_CONVERSION = YES;
				CLANG_WARN_OBJC_ROOT_CLASS = YES_ERROR;
				CLANG_WARN_QUOTED_INCLUDE_IN_FRAMEWORK_HEADER = YES;
				CLANG_WARN_RANGE_LOOP_ANALYSIS = YES;
				CLANG_WARN_STRICT_PROTOTYPES = YES;
				CLANG_WARN_SUSPICIOUS_MOVE = YES;
				CLANG_WARN_UNGUARDED_AVAILABILITY = YES_AGGRESSIVE;
				CLANG_WARN_UNREACHABLE_CODE = YES;
				CLANG_WARN__DUPLICATE_METHOD_MATCH = YES;
				COPY_PHASE_STRIP = NO;
				DEBUG_INFORMATION_FORMAT = dwarf;
				ENABLE_STRICT_OBJC_MSGSEND = YES;
				ENABLE_TESTABILITY = YES;
				GCC_C_LANGUAGE_STANDARD = gnu11;
				GCC_DYNAMIC_NO_PIC = NO;
				GCC_NO_COMMON_BLOCKS = YES;
				GCC_OPTIMIZATION_LEVEL = 0;
				GCC_PREPROCESSOR_DEFINITIONS = (
					"DEBUG=1",
					"$(inherited)",
				);
				GCC_WARN_64_TO_32_BIT_CONVERSION = YES;
				GCC_WARN_ABOUT_RETURN_TYPE = YES_ERROR;
				GCC_WARN_UNDECLARED_SELECTOR = YES;
				GCC_WARN_UNINITIALIZED_AUTOS = YES_AGGRESSIVE;
				GCC_WARN_UNUSED_FUNCTION = YES;
				GCC_WARN_UNUSED_VARIABLE = YES;
				IPHONEOS_DEPLOYMENT_TARGET = 15.5;
				MTL_ENABLE_DEBUG_INFO = INCLUDE_SOURCE;
				MTL_FAST_MATH = YES;
				ONLY_ACTIVE_ARCH = YES;
				SDKROOT = iphoneos;
				SWIFT_ACTIVE_COMPILATION_CONDITIONS = DEBUG;
				SWIFT_OPTIMIZATION_LEVEL = "-Onone";
			};
			name = Debug;
		};
		4445456F2933A10400472783 /* Release */ = {
			isa = XCBuildConfiguration;
			buildSettings = {
				ALWAYS_SEARCH_USER_PATHS = NO;
				CLANG_ANALYZER_NONNULL = YES;
				CLANG_ANALYZER_NUMBER_OBJECT_CONVERSION = YES_AGGRESSIVE;
				CLANG_CXX_LANGUAGE_STANDARD = "gnu++17";
				CLANG_ENABLE_MODULES = YES;
				CLANG_ENABLE_OBJC_ARC = YES;
				CLANG_ENABLE_OBJC_WEAK = YES;
				CLANG_WARN_BLOCK_CAPTURE_AUTORELEASING = YES;
				CLANG_WARN_BOOL_CONVERSION = YES;
				CLANG_WARN_COMMA = YES;
				CLANG_WARN_CONSTANT_CONVERSION = YES;
				CLANG_WARN_DEPRECATED_OBJC_IMPLEMENTATIONS = YES;
				CLANG_WARN_DIRECT_OBJC_ISA_USAGE = YES_ERROR;
				CLANG_WARN_DOCUMENTATION_COMMENTS = YES;
				CLANG_WARN_EMPTY_BODY = YES;
				CLANG_WARN_ENUM_CONVERSION = YES;
				CLANG_WARN_INFINITE_RECURSION = YES;
				CLANG_WARN_INT_CONVERSION = YES;
				CLANG_WARN_NON_LITERAL_NULL_CONVERSION = YES;
				CLANG_WARN_OBJC_IMPLICIT_RETAIN_SELF = YES;
				CLANG_WARN_OBJC_LITERAL_CONVERSION = YES;
				CLANG_WARN_OBJC_ROOT_CLASS = YES_ERROR;
				CLANG_WARN_QUOTED_INCLUDE_IN_FRAMEWORK_HEADER = YES;
				CLANG_WARN_RANGE_LOOP_ANALYSIS = YES;
				CLANG_WARN_STRICT_PROTOTYPES = YES;
				CLANG_WARN_SUSPICIOUS_MOVE = YES;
				CLANG_WARN_UNGUARDED_AVAILABILITY = YES_AGGRESSIVE;
				CLANG_WARN_UNREACHABLE_CODE = YES;
				CLANG_WARN__DUPLICATE_METHOD_MATCH = YES;
				COPY_PHASE_STRIP = NO;
				DEBUG_INFORMATION_FORMAT = "dwarf-with-dsym";
				ENABLE_NS_ASSERTIONS = NO;
				ENABLE_STRICT_OBJC_MSGSEND = YES;
				GCC_C_LANGUAGE_STANDARD = gnu11;
				GCC_NO_COMMON_BLOCKS = YES;
				GCC_WARN_64_TO_32_BIT_CONVERSION = YES;
				GCC_WARN_ABOUT_RETURN_TYPE = YES_ERROR;
				GCC_WARN_UNDECLARED_SELECTOR = YES;
				GCC_WARN_UNINITIALIZED_AUTOS = YES_AGGRESSIVE;
				GCC_WARN_UNUSED_FUNCTION = YES;
				GCC_WARN_UNUSED_VARIABLE = YES;
				IPHONEOS_DEPLOYMENT_TARGET = 15.5;
				MTL_ENABLE_DEBUG_INFO = NO;
				MTL_FAST_MATH = YES;
				SDKROOT = iphoneos;
				SWIFT_COMPILATION_MODE = wholemodule;
				SWIFT_OPTIMIZATION_LEVEL = "-O";
				VALIDATE_PRODUCT = YES;
			};
			name = Release;
		};
		444545712933A10400472783 /* Debug */ = {
			isa = XCBuildConfiguration;
			buildSettings = {
				ASSETCATALOG_COMPILER_APPICON_NAME = AppIcon;
				ASSETCATALOG_COMPILER_GLOBAL_ACCENT_COLOR_NAME = AccentColor;
				CODE_SIGN_STYLE = Automatic;
				CURRENT_PROJECT_VERSION = 1;
				GENERATE_INFOPLIST_FILE = YES;
				INFOPLIST_FILE = ElephantV2/Info.plist;
				INFOPLIST_KEY_UIApplicationSupportsIndirectInputEvents = YES;
				INFOPLIST_KEY_UILaunchStoryboardName = LaunchScreen;
				INFOPLIST_KEY_UIMainStoryboardFile = Main;
				INFOPLIST_KEY_UISupportedInterfaceOrientations_iPad = "UIInterfaceOrientationPortrait UIInterfaceOrientationPortraitUpsideDown UIInterfaceOrientationLandscapeLeft UIInterfaceOrientationLandscapeRight";
				INFOPLIST_KEY_UISupportedInterfaceOrientations_iPhone = "UIInterfaceOrientationPortrait UIInterfaceOrientationLandscapeLeft UIInterfaceOrientationLandscapeRight";
				LD_RUNPATH_SEARCH_PATHS = (
					"$(inherited)",
					"@executable_path/Frameworks",
				);
				MARKETING_VERSION = 1.0;
				PRODUCT_BUNDLE_IDENTIFIER = com.lionelyu.ElephantV2;
				PRODUCT_NAME = "$(TARGET_NAME)";
				SWIFT_EMIT_LOC_STRINGS = YES;
				SWIFT_VERSION = 5.0;
				TARGETED_DEVICE_FAMILY = "1,2";
			};
			name = Debug;
		};
		444545722933A10400472783 /* Release */ = {
			isa = XCBuildConfiguration;
			buildSettings = {
				ASSETCATALOG_COMPILER_APPICON_NAME = AppIcon;
				ASSETCATALOG_COMPILER_GLOBAL_ACCENT_COLOR_NAME = AccentColor;
				CODE_SIGN_STYLE = Automatic;
				CURRENT_PROJECT_VERSION = 1;
				GENERATE_INFOPLIST_FILE = YES;
				INFOPLIST_FILE = ElephantV2/Info.plist;
				INFOPLIST_KEY_UIApplicationSupportsIndirectInputEvents = YES;
				INFOPLIST_KEY_UILaunchStoryboardName = LaunchScreen;
				INFOPLIST_KEY_UIMainStoryboardFile = Main;
				INFOPLIST_KEY_UISupportedInterfaceOrientations_iPad = "UIInterfaceOrientationPortrait UIInterfaceOrientationPortraitUpsideDown UIInterfaceOrientationLandscapeLeft UIInterfaceOrientationLandscapeRight";
				INFOPLIST_KEY_UISupportedInterfaceOrientations_iPhone = "UIInterfaceOrientationPortrait UIInterfaceOrientationLandscapeLeft UIInterfaceOrientationLandscapeRight";
				LD_RUNPATH_SEARCH_PATHS = (
					"$(inherited)",
					"@executable_path/Frameworks",
				);
				MARKETING_VERSION = 1.0;
				PRODUCT_BUNDLE_IDENTIFIER = com.lionelyu.ElephantV2;
				PRODUCT_NAME = "$(TARGET_NAME)";
				SWIFT_EMIT_LOC_STRINGS = YES;
				SWIFT_VERSION = 5.0;
				TARGETED_DEVICE_FAMILY = "1,2";
			};
			name = Release;
		};
		444545742933A10400472783 /* Debug */ = {
			isa = XCBuildConfiguration;
			buildSettings = {
				ALWAYS_EMBED_SWIFT_STANDARD_LIBRARIES = YES;
				BUNDLE_LOADER = "$(TEST_HOST)";
				CODE_SIGN_STYLE = Automatic;
				CURRENT_PROJECT_VERSION = 1;
				GENERATE_INFOPLIST_FILE = YES;
				IPHONEOS_DEPLOYMENT_TARGET = 15.5;
				MARKETING_VERSION = 1.0;
				PRODUCT_BUNDLE_IDENTIFIER = com.lionelyu.ElephantV2Tests;
				PRODUCT_NAME = "$(TARGET_NAME)";
				SWIFT_EMIT_LOC_STRINGS = NO;
				SWIFT_VERSION = 5.0;
				TARGETED_DEVICE_FAMILY = "1,2";
				TEST_HOST = "$(BUILT_PRODUCTS_DIR)/ElephantV2.app/ElephantV2";
			};
			name = Debug;
		};
		444545752933A10400472783 /* Release */ = {
			isa = XCBuildConfiguration;
			buildSettings = {
				ALWAYS_EMBED_SWIFT_STANDARD_LIBRARIES = YES;
				BUNDLE_LOADER = "$(TEST_HOST)";
				CODE_SIGN_STYLE = Automatic;
				CURRENT_PROJECT_VERSION = 1;
				GENERATE_INFOPLIST_FILE = YES;
				IPHONEOS_DEPLOYMENT_TARGET = 15.5;
				MARKETING_VERSION = 1.0;
				PRODUCT_BUNDLE_IDENTIFIER = com.lionelyu.ElephantV2Tests;
				PRODUCT_NAME = "$(TARGET_NAME)";
				SWIFT_EMIT_LOC_STRINGS = NO;
				SWIFT_VERSION = 5.0;
				TARGETED_DEVICE_FAMILY = "1,2";
				TEST_HOST = "$(BUILT_PRODUCTS_DIR)/ElephantV2.app/ElephantV2";
			};
			name = Release;
		};
		444545772933A10400472783 /* Debug */ = {
			isa = XCBuildConfiguration;
			buildSettings = {
				ALWAYS_EMBED_SWIFT_STANDARD_LIBRARIES = YES;
				CODE_SIGN_STYLE = Automatic;
				CURRENT_PROJECT_VERSION = 1;
				GENERATE_INFOPLIST_FILE = YES;
				MARKETING_VERSION = 1.0;
				PRODUCT_BUNDLE_IDENTIFIER = com.lionelyu.ElephantV2UITests;
				PRODUCT_NAME = "$(TARGET_NAME)";
				SWIFT_EMIT_LOC_STRINGS = NO;
				SWIFT_VERSION = 5.0;
				TARGETED_DEVICE_FAMILY = "1,2";
				TEST_TARGET_NAME = ElephantV2;
			};
			name = Debug;
		};
		444545782933A10400472783 /* Release */ = {
			isa = XCBuildConfiguration;
			buildSettings = {
				ALWAYS_EMBED_SWIFT_STANDARD_LIBRARIES = YES;
				CODE_SIGN_STYLE = Automatic;
				CURRENT_PROJECT_VERSION = 1;
				GENERATE_INFOPLIST_FILE = YES;
				MARKETING_VERSION = 1.0;
				PRODUCT_BUNDLE_IDENTIFIER = com.lionelyu.ElephantV2UITests;
				PRODUCT_NAME = "$(TARGET_NAME)";
				SWIFT_EMIT_LOC_STRINGS = NO;
				SWIFT_VERSION = 5.0;
				TARGETED_DEVICE_FAMILY = "1,2";
				TEST_TARGET_NAME = ElephantV2;
			};
			name = Release;
		};
/* End XCBuildConfiguration section */

/* Begin XCConfigurationList section */
		4445453E2933A10300472783 /* Build configuration list for PBXProject "ElephantV2" */ = {
			isa = XCConfigurationList;
			buildConfigurations = (
				4445456E2933A10400472783 /* Debug */,
				4445456F2933A10400472783 /* Release */,
			);
			defaultConfigurationIsVisible = 0;
			defaultConfigurationName = Release;
		};
		444545702933A10400472783 /* Build configuration list for PBXNativeTarget "ElephantV2" */ = {
			isa = XCConfigurationList;
			buildConfigurations = (
				444545712933A10400472783 /* Debug */,
				444545722933A10400472783 /* Release */,
			);
			defaultConfigurationIsVisible = 0;
			defaultConfigurationName = Release;
		};
		444545732933A10400472783 /* Build configuration list for PBXNativeTarget "ElephantV2Tests" */ = {
			isa = XCConfigurationList;
			buildConfigurations = (
				444545742933A10400472783 /* Debug */,
				444545752933A10400472783 /* Release */,
			);
			defaultConfigurationIsVisible = 0;
			defaultConfigurationName = Release;
		};
		444545762933A10400472783 /* Build configuration list for PBXNativeTarget "ElephantV2UITests" */ = {
			isa = XCConfigurationList;
			buildConfigurations = (
				444545772933A10400472783 /* Debug */,
				444545782933A10400472783 /* Release */,
			);
			defaultConfigurationIsVisible = 0;
			defaultConfigurationName = Release;
		};
/* End XCConfigurationList section */

/* Begin XCVersionGroup section */
		4445454F2933A10300472783 /* ElephantV2.xcdatamodeld */ = {
			isa = XCVersionGroup;
			children = (
				444545502933A10300472783 /* ElephantV2.xcdatamodel */,
			);
			currentVersion = 444545502933A10300472783 /* ElephantV2.xcdatamodel */;
			path = ElephantV2.xcdatamodeld;
			sourceTree = "<group>";
			versionGroupType = wrapper.xcdatamodel;
		};
/* End XCVersionGroup section */
	};
	rootObject = 4445453B2933A10300472783 /* Project object */;
}
